
Microsoft Visual Studio Solution File, Format Version 12.00
# Visual Studio Version 17
VisualStudioVersion = 17.4.33213.308
MinimumVisualStudioVersion = 10.0.40219.1
Project("{9A19103F-16F7-4668-BE54-9A1E7A4F7556}") = "Quotes.Web", "Quotes.Web\Quotes.Web.csproj", "{F66ABF30-F510-4DA4-A938-B37BE7708E8A}"
EndProject
Project("{9A19103F-16F7-4668-BE54-9A1E7A4F7556}") = "Quotes.Core", "Quotes.Core\Quotes.Core.csproj", "{F554FDF3-100D-469E-BE81-F8D349B27BDC}"
EndProject
Project("{9A19103F-16F7-4668-BE54-9A1E7A4F7556}") = "Quotes.EF", "Quotes.EF\Quotes.EF.csproj", "{1FC54EE8-8172-43C3-8800-835CB90ABF7F}"
EndProject
Project("{FAE04EC0-301F-11D3-BF4B-00C04F79EFBC}") = "Quotes.Api", "Quotes.Api\Quotes.Api.csproj", "{DB9E5228-87E3-48B6-B96A-6D285EFFD949}"
EndProject
Global
	GlobalSection(SolutionConfigurationPlatforms) = preSolution
		Debug|Any CPU = Debug|Any CPU
		Release|Any CPU = Release|Any CPU
	EndGlobalSection
	GlobalSection(ProjectConfigurationPlatforms) = postSolution
		{F66ABF30-F510-4DA4-A938-B37BE7708E8A}.Debug|Any CPU.ActiveCfg = Debug|Any CPU
		{F66ABF30-F510-4DA4-A938-B37BE7708E8A}.Debug|Any CPU.Build.0 = Debug|Any CPU
		{F66ABF30-F510-4DA4-A938-B37BE7708E8A}.Release|Any CPU.ActiveCfg = Release|Any CPU
		{F66ABF30-F510-4DA4-A938-B37BE7708E8A}.Release|Any CPU.Build.0 = Release|Any CPU
		{F554FDF3-100D-469E-BE81-F8D349B27BDC}.Debug|Any CPU.ActiveCfg = Debug|Any CPU
		{F554FDF3-100D-469E-BE81-F8D349B27BDC}.Debug|Any CPU.Build.0 = Debug|Any CPU
		{F554FDF3-100D-469E-BE81-F8D349B27BDC}.Release|Any CPU.ActiveCfg = Release|Any CPU
		{F554FDF3-100D-469E-BE81-F8D349B27BDC}.Release|Any CPU.Build.0 = Release|Any CPU
		{1FC54EE8-8172-43C3-8800-835CB90ABF7F}.Debug|Any CPU.ActiveCfg = Debug|Any CPU
		{1FC54EE8-8172-43C3-8800-835CB90ABF7F}.Debug|Any CPU.Build.0 = Debug|Any CPU
		{1FC54EE8-8172-43C3-8800-835CB90ABF7F}.Release|Any CPU.ActiveCfg = Release|Any CPU
		{1FC54EE8-8172-43C3-8800-835CB90ABF7F}.Release|Any CPU.Build.0 = Release|Any CPU
		{DB9E5228-87E3-48B6-B96A-6D285EFFD949}.Debug|Any CPU.ActiveCfg = Debug|Any CPU
		{DB9E5228-87E3-48B6-B96A-6D285EFFD949}.Debug|Any CPU.Build.0 = Debug|Any CPU
		{DB9E5228-87E3-48B6-B96A-6D285EFFD949}.Release|Any CPU.ActiveCfg = Release|Any CPU
		{DB9E5228-87E3-48B6-B96A-6D285EFFD949}.Release|Any CPU.Build.0 = Release|Any CPU
	EndGlobalSection
	GlobalSection(SolutionProperties) = preSolution
		HideSolutionNode = FALSE
	EndGlobalSection
	GlobalSection(ExtensibilityGlobals) = postSolution
		SolutionGuid = {AC972EBE-367D-461D-BB1A-9521BEF5D789}
	EndGlobalSection
EndGlobal
